
Microsoft Visual Studio Solution File, Format Version 12.00
# Visual Studio 15
VisualStudioVersion = 15.0.28307.421
MinimumVisualStudioVersion = 10.0.40219.1
Project("{FAE04EC0-301F-11D3-BF4B-00C04F79EFBC}") = "ProgramaKukac", "ProgramaKukac\ProgramaKukac.csproj", "{752AA48D-19B3-4603-B890-FCB4FEFBFAF0}"
EndProject
Global
	GlobalSection(SolutionConfigurationPlatforms) = preSolution
		Debug|Any CPU = Debug|Any CPU
		Release|Any CPU = Release|Any CPU
	EndGlobalSection
	GlobalSection(ProjectConfigurationPlatforms) = postSolution
		{752AA48D-19B3-4603-B890-FCB4FEFBFAF0}.Debug|Any CPU.ActiveCfg = Debug|Any CPU
		{752AA48D-19B3-4603-B890-FCB4FEFBFAF0}.Debug|Any CPU.Build.0 = Debug|Any CPU
		{752AA48D-19B3-4603-B890-FCB4FEFBFAF0}.Release|Any CPU.ActiveCfg = Release|Any CPU
		{752AA48D-19B3-4603-B890-FCB4FEFBFAF0}.Release|Any CPU.Build.0 = Release|Any CPU
	EndGlobalSection
	GlobalSection(SolutionProperties) = preSolution
		HideSolutionNode = FALSE
	EndGlobalSection
	GlobalSection(ExtensibilityGlobals) = postSolution
		SolutionGuid = {B78B642B-1011-4A6E-86C6-87E2B1DFADEF}
	EndGlobalSection
EndGlobal
